<?xml version="1.0" encoding="utf-8"?>
<Project ToolsVersion="4.0" xmlns="http://schemas.microsoft.com/developer/msbuild/2003">
  <ItemGroup>
    <Filter Include="Source Files">
      <UniqueIdentifier>{4FC737F1-C7A5-4376-A066-2A32D752A2FF}</UniqueIdentifier>
      <Extensions>cpp;c;cc;cxx;def;odl;idl;hpj;bat;asm;asmx</Extensions>
    </Filter>
    <Filter Include="Header Files">
      <UniqueIdentifier>{93995380-89BD-4b04-88EB-625FBE52EBFB}</UniqueIdentifier>
      <Extensions>h;hh;hpp;hxx;hm;inl;inc;ipp;xsd</Extensions>
    </Filter>
    <Filter Include="Resource Files">
      <UniqueIdentifier>{67DA6AB6-F800-4c08-8B7A-83BB121AAD01}</UniqueIdentifier>
      <Extensions>rc;ico;cur;bmp;dlg;rc2;rct;bin;rgs;gif;jpg;jpeg;jpe;resx;tiff;tif;png;wav;mfcribbon-ms</Extensions>
    </Filter>
    <Filter Include="Header Files\Memory">
      <UniqueIdentifier>{0649c602-9669-4967-87a3-cc969871ccea}</UniqueIdentifier>
    </Filter>
    <Filter Include="Header Files\Draw">
      <UniqueIdentifier>{8f7e21d2-0560-427c-9426-1673ce8ef0c4}</UniqueIdentifier>
    </Filter>
    <Filter Include="Header Files\Other">
      <UniqueIdentifier>{94faf6fe-02b1-46e3-96d4-931781f120a8}</UniqueIdentifier>
    </Filter>
    <Filter Include="Header Files\Protect">
      <UniqueIdentifier>{0ca6ddee-09ea-46e2-8df4-7da65d010bf4}</UniqueIdentifier>
    </Filter>
    <Filter Include="Header Files\License">
      <UniqueIdentifier>{411b3011-e51b-4741-bf94-87420f807781}</UniqueIdentifier>
    </Filter>
  </ItemGroup>
  <ItemGroup>
    <ClInclude Include="main.h">
      <Filter>Header Files</Filter>
    </ClInclude>
    <ClInclude Include="Matrix.h">
      <Filter>Header Files\Memory</Filter>
    </ClInclude>
    <ClInclude Include="Memory.h">
      <Filter>Header Files\Memory</Filter>
    </ClInclude>
    <ClInclude Include="Draw.h">
      <Filter>Header Files\Draw</Filter>
    </ClInclude>
    <ClInclude Include="func.h">
      <Filter>Header Files</Filter>
    </ClInclude>
    <ClInclude Include="SAMP.h">
      <Filter>Header Files\Other</Filter>
    </ClInclude>
    <ClInclude Include="Protect.h">
      <Filter>Header Files\Protect</Filter>
    </ClInclude>
    <ClInclude Include="VMProtectSDK.h">
      <Filter>Header Files\Protect</Filter>
    </ClInclude>
    <ClInclude Include="License.h">
      <Filter>Header Files\License</Filter>
    </ClInclude>
  </ItemGroup>
  <ItemGroup>
    <Library Include="VMProtectSDK32.lib">
      <Filter>Header Files\Protect</Filter>
    </Library>
  </ItemGroup>
  <ItemGroup>
    <ClCompile Include="main.cpp" />
    <ClCompile Include="License.cpp">
      <Filter>Header Files\License</Filter>
    </ClCompile>
  </ItemGroup>
</Project>